<?xml version="1.0" encoding="utf-8"?>
<Project ToolsVersion="4.0" xmlns="http://schemas.microsoft.com/developer/msbuild/2003">
  <ItemGroup>
    <Filter Include="源文件">
      <UniqueIdentifier>{4FC737F1-C7A5-4376-A066-2A32D752A2FF}</UniqueIdentifier>
      <Extensions>cpp;c;cc;cxx;c++;cppm;ixx;def;odl;idl;hpj;bat;asm;asmx</Extensions>
    </Filter>
    <Filter Include="头文件">
      <UniqueIdentifier>{93995380-89BD-4b04-88EB-625FBE52EBFB}</UniqueIdentifier>
      <Extensions>h;hh;hpp;hxx;h++;hm;inl;inc;ipp;xsd</Extensions>
    </Filter>
    <Filter Include="资源文件">
      <UniqueIdentifier>{67DA6AB6-F800-4c08-8B7A-83BB121AAD01}</UniqueIdentifier>
      <Extensions>rc;ico;cur;bmp;dlg;rc2;rct;bin;rgs;gif;jpg;jpeg;jpe;resx;tiff;tif;png;wav;mfcribbon-ms</Extensions>
    </Filter>
    <Filter Include="头文件\Scene">
      <UniqueIdentifier>{f0cf008e-b4da-4a34-a36a-c1d090d1f918}</UniqueIdentifier>
    </Filter>
    <Filter Include="头文件\common">
      <UniqueIdentifier>{657bb2d2-ee32-419b-abe0-d059d971ce6e}</UniqueIdentifier>
    </Filter>
    <Filter Include="源文件\Scene">
      <UniqueIdentifier>{bdc284bf-df6b-4bef-a163-c62436f5ca15}</UniqueIdentifier>
    </Filter>
    <Filter Include="头文件\tool">
      <UniqueIdentifier>{47d1f41d-95e8-4f28-8cb3-736a185a29d7}</UniqueIdentifier>
    </Filter>
    <Filter Include="源文件\tool">
      <UniqueIdentifier>{0b84167e-1907-4c96-a316-615e248734c4}</UniqueIdentifier>
    </Filter>
    <Filter Include="头文件\base">
      <UniqueIdentifier>{43e91ef4-3e57-4428-ab76-af6c82be4166}</UniqueIdentifier>
    </Filter>
    <Filter Include="源文件\base">
      <UniqueIdentifier>{e71ecd9a-709e-44e4-9291-3ec22eeb2197}</UniqueIdentifier>
    </Filter>
  </ItemGroup>
  <ItemGroup>
    <ClCompile Include="main.cpp">
      <Filter>源文件</Filter>
    </ClCompile>
    <ClCompile Include="SceneManager.cpp">
      <Filter>源文件\Scene</Filter>
    </ClCompile>
    <ClCompile Include="Atlas.cpp">
      <Filter>源文件\tool</Filter>
    </ClCompile>
    <ClCompile Include="mtimer.cpp">
      <Filter>源文件\tool</Filter>
    </ClCompile>
    <ClCompile Include="camera.cpp">
      <Filter>源文件\base</Filter>
    </ClCompile>
    <ClCompile Include="Animation.cpp">
      <Filter>源文件\base</Filter>
    </ClCompile>
    <ClCompile Include="player.cpp">
      <Filter>源文件\base</Filter>
    </ClCompile>
    <ClCompile Include="collisionBody.cpp">
      <Filter>源文件</Filter>
    </ClCompile>
    <ClCompile Include="physical_sim.cpp">
      <Filter>源文件</Filter>
    </ClCompile>
  </ItemGroup>
  <ItemGroup>
    <ClInclude Include="baseScene.h">
      <Filter>头文件\Scene</Filter>
    </ClInclude>
    <ClInclude Include="gameScene.h">
      <Filter>头文件\Scene</Filter>
    </ClInclude>
    <ClInclude Include="MenuScene.h">
      <Filter>头文件\Scene</Filter>
    </ClInclude>
    <ClInclude Include="SceneManager.h">
      <Filter>头文件\Scene</Filter>
    </ClInclude>
    <ClInclude Include="comm.h">
      <Filter>头文件\common</Filter>
    </ClInclude>
    <ClInclude Include="SelectorScene.h">
      <Filter>头文件\Scene</Filter>
    </ClInclude>
    <ClInclude Include="vector2D.h">
      <Filter>头文件\tool</Filter>
    </ClInclude>
    <ClInclude Include="Atlas.h">
      <Filter>头文件\tool</Filter>
    </ClInclude>
    <ClInclude Include="mtimer.h">
      <Filter>头文件\tool</Filter>
    </ClInclude>
    <ClInclude Include="Animation.h">
      <Filter>头文件\base</Filter>
    </ClInclude>
    <ClInclude Include="camera.h">
      <Filter>头文件\base</Filter>
    </ClInclude>
    <ClInclude Include="player.h">
      <Filter>头文件\base</Filter>
    </ClInclude>
    <ClInclude Include="collisionBody.h">
      <Filter>头文件\base</Filter>
    </ClInclude>
    <ClInclude Include="physical_sim.h">
      <Filter>头文件\base</Filter>
    </ClInclude>
  </ItemGroup>
</Project>